
Microsoft Visual Studio Solution File, Format Version 12.00
# Visual Studio Version 16
VisualStudioVersion = 16.0.30011.22
MinimumVisualStudioVersion = 10.0.40219.1
Project("{FAE04EC0-301F-11D3-BF4B-00C04F79EFBC}") = "HW6", "HW6\HW6.csproj", "{CCE21A39-16E3-4C34-9786-E4CACA4F60B2}"
EndProject
Global
	GlobalSection(SolutionConfigurationPlatforms) = preSolution
		Debug|Any CPU = Debug|Any CPU
		Release|Any CPU = Release|Any CPU
	EndGlobalSection
	GlobalSection(ProjectConfigurationPlatforms) = postSolution
		{CCE21A39-16E3-4C34-9786-E4CACA4F60B2}.Debug|Any CPU.ActiveCfg = Debug|Any CPU
		{CCE21A39-16E3-4C34-9786-E4CACA4F60B2}.Debug|Any CPU.Build.0 = Debug|Any CPU
		{CCE21A39-16E3-4C34-9786-E4CACA4F60B2}.Release|Any CPU.ActiveCfg = Release|Any CPU
		{CCE21A39-16E3-4C34-9786-E4CACA4F60B2}.Release|Any CPU.Build.0 = Release|Any CPU
	EndGlobalSection
	GlobalSection(SolutionProperties) = preSolution
		HideSolutionNode = FALSE
	EndGlobalSection
	GlobalSection(ExtensibilityGlobals) = postSolution
		SolutionGuid = {451AF92B-08DB-49CA-8B76-49445DAE4BCB}
	EndGlobalSection
EndGlobal
